
Microsoft Visual Studio Solution File, Format Version 12.00
# Visual Studio 2013
VisualStudioVersion = 12.0.31101.0
MinimumVisualStudioVersion = 10.0.40219.1
Project("{CC5FD16D-436D-48AD-A40C-5A424C6E3E79}") = "QuoridorServer", "QuoridorServer\QuoridorServer.ccproj", "{391557C9-0520-4DB7-BF78-16B76306F9CC}"
EndProject
Project("{FAE04EC0-301F-11D3-BF4B-00C04F79EFBC}") = "QuoridorService", "QuoridorService\QuoridorService.csproj", "{0C7A5330-C144-4336-9B1F-02F24BB856B7}"
EndProject
Global
	GlobalSection(SolutionConfigurationPlatforms) = preSolution
		Debug|Any CPU = Debug|Any CPU
		Release|Any CPU = Release|Any CPU
	EndGlobalSection
	GlobalSection(ProjectConfigurationPlatforms) = postSolution
		{391557C9-0520-4DB7-BF78-16B76306F9CC}.Debug|Any CPU.ActiveCfg = Debug|Any CPU
		{391557C9-0520-4DB7-BF78-16B76306F9CC}.Debug|Any CPU.Build.0 = Debug|Any CPU
		{391557C9-0520-4DB7-BF78-16B76306F9CC}.Release|Any CPU.ActiveCfg = Release|Any CPU
		{391557C9-0520-4DB7-BF78-16B76306F9CC}.Release|Any CPU.Build.0 = Release|Any CPU
		{0C7A5330-C144-4336-9B1F-02F24BB856B7}.Debug|Any CPU.ActiveCfg = Debug|Any CPU
		{0C7A5330-C144-4336-9B1F-02F24BB856B7}.Debug|Any CPU.Build.0 = Debug|Any CPU
		{0C7A5330-C144-4336-9B1F-02F24BB856B7}.Release|Any CPU.ActiveCfg = Release|Any CPU
		{0C7A5330-C144-4336-9B1F-02F24BB856B7}.Release|Any CPU.Build.0 = Release|Any CPU
	EndGlobalSection
	GlobalSection(SolutionProperties) = preSolution
		HideSolutionNode = FALSE
	EndGlobalSection
EndGlobal
